schema: '2.0'
stages:
  data_preparation:
    cmd: python data_preparation.py -id data/raw -od data/prepared -uf data/raw/rating.csv
    deps:
    - path: data/raw/anime.csv
      hash: md5
      md5: 6b818dcedb330301048770b5e3a5a1be
      size: 870177
    - path: data/raw/rating.csv
      hash: md5
      md5: ba68088ca3b00b73b140d8e83914690d
      size: 103606157
    - path: data_preparation.py
      hash: md5
      md5: f380f8b77ac2a8de8df7fb53457bdddf
      size: 10678
    params:
      params.yaml:
        data_preparation:
          train_test_ratio: 0.8
          train_val_ratio: 0.9
          random_state: 42
    outs:
    - path: data/prepared
      hash: md5
      md5: a5ad19877c19b67c1b3b601f839a81af.dir
      size: 7647408
      nfiles: 8
  linear_regression:
    cmd: python linear_regression.py -id data/prepared -od data/models -mn LinearRegression
    deps:
    - path: data/prepared
      hash: md5
      md5: a5ad19877c19b67c1b3b601f839a81af.dir
      size: 7647408
      nfiles: 8
    - path: linear_regression.py
      hash: md5
      md5: 8fcba06eef567d19653e38d83c8b9d33
      size: 2703
    params:
      params.yaml:
        linear_regression:
          model_name: LinearRegression
    outs:
    - path: data/models/LinearRegression.csv
      hash: md5
      md5: 7b9fff4255006d8407ab5efc9d92efa3
      size: 717
    - path: data/models/LinearRegression.joblib
      hash: md5
      md5: fc9f87de8373f541e02d2a5fe93ba9e0
      size: 1967
  linear_regression_validation:
    cmd: python linear_regression_validation.py -id data/prepared/ -im data/models/LinearRegression.joblib
      -mn LinearRegression
    deps:
    - path: data/models/LinearRegression.joblib
      hash: md5
      md5: fc9f87de8373f541e02d2a5fe93ba9e0
      size: 1967
    - path: data/prepared/
      hash: md5
      md5: a5ad19877c19b67c1b3b601f839a81af.dir
      size: 7647408
      nfiles: 8
    - path: linear_regression_validation.py
      hash: md5
      md5: 1ac4ebebf3b177485d70e67bec849e26
      size: 1760
    params:
      params.yaml:
        linear_regression:
          model_name: LinearRegression
  linear_regression_prod_version:
    cmd: python linear_regression_prod_version.py -id data/prepared/ -od data/models/
      -mn LinearRegression
    deps:
    - path: data/models/LinearRegression.joblib
      hash: md5
      md5: fc9f87de8373f541e02d2a5fe93ba9e0
      size: 1967
    - path: data/prepared
      hash: md5
      md5: a5ad19877c19b67c1b3b601f839a81af.dir
      size: 7647408
      nfiles: 8
    - path: linear_regression_prod_version.py
      hash: md5
      md5: 97af72ae0c701e7d24be3c267b73c613
      size: 3335
    params:
      params.yaml:
        linear_regression:
          model_name: LinearRegression
    outs:
    - path: data/models/LinearRegression_prod.csv
      hash: md5
      md5: dea56a8a119e6cb481b2303702169462
      size: 719
    - path: data/models/LinearRegression_prod.joblib
      hash: md5
      md5: a7c6b0dd6625eddcea5adedb91ee2cba
      size: 1967
  decision_tree@DecisionTree:
    cmd: python decision_tree.py -id data/prepared -od data/models -bm data/models/LinearRegression_prod.joblib
      -mn DecisionTree -p params.yaml
    deps:
    - path: data/models/LinearRegression_prod.joblib
      hash: md5
      md5: a7c6b0dd6625eddcea5adedb91ee2cba
      size: 1967
    - path: data/prepared
      hash: md5
      md5: a5ad19877c19b67c1b3b601f839a81af.dir
      size: 7647408
      nfiles: 8
    - path: decision_tree.py
      hash: md5
      md5: f9480ea5a09d15c2b4da9889e2563338
      size: 3444
    params:
      params.yaml:
        decision_tree:
          DecisionTree:
            max_depth:
            - 2
            - 4
            - 6
            - 7
            splitter:
            - best
            - random
            min_samples_split:
            - 2
            - 3
            - 4
            min_samples_leaf:
            - 1
            - 2
            - 3
            - 4
          RandomForest:
            n_estimators:
            - 1
            - 2
            - 5
            - 10
            - 15
            max_depth:
            - 2
            - 4
            - 6
            - 7
            min_samples_split:
            - 2
            - 3
            - 4
            - 6
            - 7
            min_samples_leaf:
            - 1
            - 2
            - 3
            - 4
          ExtraTree:
            n_estimators:
            - 1
            - 2
            - 5
            - 10
            - 15
            max_depth:
            - 2
            - 4
            - 6
            - 7
            min_samples_split:
            - 2
            - 3
            - 4
            - 10
            - 15
            min_samples_leaf:
            - 1
            - 2
            - 3
            - 4
            - 18
            - 48
    outs:
    - path: data/models/DecisionTree.joblib
      hash: md5
      md5: 68d1a6cc59641bde7f84d67f36a1e4b1
      size: 33743
  decision_tree@RandomForest:
    cmd: python decision_tree.py -id data/prepared -od data/models -bm data/models/LinearRegression_prod.joblib
      -mn RandomForest -p params.yaml
    deps:
    - path: data/models/LinearRegression_prod.joblib
      hash: md5
      md5: a7c6b0dd6625eddcea5adedb91ee2cba
      size: 1967
    - path: data/prepared
      hash: md5
      md5: a5ad19877c19b67c1b3b601f839a81af.dir
      size: 7647408
      nfiles: 8
    - path: decision_tree.py
      hash: md5
      md5: f9480ea5a09d15c2b4da9889e2563338
      size: 3444
    params:
      params.yaml:
        decision_tree:
          DecisionTree:
            max_depth:
            - 2
            - 4
            - 6
            - 7
            splitter:
            - best
            - random
            min_samples_split:
            - 2
            - 3
            - 4
            min_samples_leaf:
            - 1
            - 2
            - 3
            - 4
          RandomForest:
            n_estimators:
            - 1
            - 2
            - 5
            - 10
            - 15
            max_depth:
            - 2
            - 4
            - 6
            - 7
            min_samples_split:
            - 2
            - 3
            - 4
            - 6
            - 7
            min_samples_leaf:
            - 1
            - 2
            - 3
            - 4
          ExtraTree:
            n_estimators:
            - 1
            - 2
            - 5
            - 10
            - 15
            max_depth:
            - 2
            - 4
            - 6
            - 7
            min_samples_split:
            - 2
            - 3
            - 4
            - 10
            - 15
            min_samples_leaf:
            - 1
            - 2
            - 3
            - 4
            - 18
            - 48
    outs:
    - path: data/models/RandomForest.joblib
      hash: md5
      md5: 2d6ce955125101688b56cbf4cf462129
      size: 294287
  decision_tree@ExtraTree:
    cmd: python decision_tree.py -id data/prepared -od data/models -bm data/models/LinearRegression_prod.joblib
      -mn ExtraTree -p params.yaml
    deps:
    - path: data/models/LinearRegression_prod.joblib
      hash: md5
      md5: a7c6b0dd6625eddcea5adedb91ee2cba
      size: 1967
    - path: data/prepared
      hash: md5
      md5: a5ad19877c19b67c1b3b601f839a81af.dir
      size: 7647408
      nfiles: 8
    - path: decision_tree.py
      hash: md5
      md5: f9480ea5a09d15c2b4da9889e2563338
      size: 3444
    params:
      params.yaml:
        decision_tree:
          DecisionTree:
            max_depth:
            - 2
            - 4
            - 6
            - 7
            splitter:
            - best
            - random
            min_samples_split:
            - 2
            - 3
            - 4
            min_samples_leaf:
            - 1
            - 2
            - 3
            - 4
          RandomForest:
            n_estimators:
            - 1
            - 2
            - 5
            - 10
            - 15
            max_depth:
            - 2
            - 4
            - 6
            - 7
            min_samples_split:
            - 2
            - 3
            - 4
            - 6
            - 7
            min_samples_leaf:
            - 1
            - 2
            - 3
            - 4
          ExtraTree:
            n_estimators:
            - 1
            - 2
            - 5
            - 10
            - 15
            max_depth:
            - 2
            - 4
            - 6
            - 7
            min_samples_split:
            - 2
            - 3
            - 4
            - 10
            - 15
            min_samples_leaf:
            - 1
            - 2
            - 3
            - 4
            - 18
            - 48
    outs:
    - path: data/models/ExtraTree.joblib
      hash: md5
      md5: 7f2496650f8301f32b301167e79bd743
      size: 321855
  decision_tree_validation@DecisionTree:
    cmd: python decision_tree_validation.py -id data/prepared/ -im data/models/DecisionTree.joblib
      -bm data/models/LinearRegression_prod.joblib -mn DecisionTree
    deps:
    - path: data/models/DecisionTree.joblib
      hash: md5
      md5: 68d1a6cc59641bde7f84d67f36a1e4b1
      size: 33743
    - path: data/models/LinearRegression_prod.joblib
      hash: md5
      md5: a7c6b0dd6625eddcea5adedb91ee2cba
      size: 1967
    - path: data/prepared/
      hash: md5
      md5: a5ad19877c19b67c1b3b601f839a81af.dir
      size: 7647408
      nfiles: 8
    - path: decision_tree_validation.py
      hash: md5
      md5: 7371607192839a533f155fdebf289e1b
      size: 2009
    params:
      params.yaml:
        decision_tree:
          DecisionTree:
            max_depth:
            - 2
            - 4
            - 6
            - 7
            splitter:
            - best
            - random
            min_samples_split:
            - 2
            - 3
            - 4
            min_samples_leaf:
            - 1
            - 2
            - 3
            - 4
          RandomForest:
            n_estimators:
            - 1
            - 2
            - 5
            - 10
            - 15
            max_depth:
            - 2
            - 4
            - 6
            - 7
            min_samples_split:
            - 2
            - 3
            - 4
            - 6
            - 7
            min_samples_leaf:
            - 1
            - 2
            - 3
            - 4
          ExtraTree:
            n_estimators:
            - 1
            - 2
            - 5
            - 10
            - 15
            max_depth:
            - 2
            - 4
            - 6
            - 7
            min_samples_split:
            - 2
            - 3
            - 4
            - 10
            - 15
            min_samples_leaf:
            - 1
            - 2
            - 3
            - 4
            - 18
            - 48
  decision_tree_validation@RandomForest:
    cmd: python decision_tree_validation.py -id data/prepared/ -im data/models/RandomForest.joblib
      -bm data/models/LinearRegression_prod.joblib -mn RandomForest
    deps:
    - path: data/models/LinearRegression_prod.joblib
      hash: md5
      md5: a7c6b0dd6625eddcea5adedb91ee2cba
      size: 1967
    - path: data/models/RandomForest.joblib
      hash: md5
      md5: 2d6ce955125101688b56cbf4cf462129
      size: 294287
    - path: data/prepared/
      hash: md5
      md5: a5ad19877c19b67c1b3b601f839a81af.dir
      size: 7647408
      nfiles: 8
    - path: decision_tree_validation.py
      hash: md5
      md5: 7371607192839a533f155fdebf289e1b
      size: 2009
    params:
      params.yaml:
        decision_tree:
          DecisionTree:
            max_depth:
            - 2
            - 4
            - 6
            - 7
            splitter:
            - best
            - random
            min_samples_split:
            - 2
            - 3
            - 4
            min_samples_leaf:
            - 1
            - 2
            - 3
            - 4
          RandomForest:
            n_estimators:
            - 1
            - 2
            - 5
            - 10
            - 15
            max_depth:
            - 2
            - 4
            - 6
            - 7
            min_samples_split:
            - 2
            - 3
            - 4
            - 6
            - 7
            min_samples_leaf:
            - 1
            - 2
            - 3
            - 4
          ExtraTree:
            n_estimators:
            - 1
            - 2
            - 5
            - 10
            - 15
            max_depth:
            - 2
            - 4
            - 6
            - 7
            min_samples_split:
            - 2
            - 3
            - 4
            - 10
            - 15
            min_samples_leaf:
            - 1
            - 2
            - 3
            - 4
            - 18
            - 48
  decision_tree_validation@ExtraTree:
    cmd: python decision_tree_validation.py -id data/prepared/ -im data/models/ExtraTree.joblib
      -bm data/models/LinearRegression_prod.joblib -mn ExtraTree
    deps:
    - path: data/models/ExtraTree.joblib
      hash: md5
      md5: 7f2496650f8301f32b301167e79bd743
      size: 321855
    - path: data/models/LinearRegression_prod.joblib
      hash: md5
      md5: a7c6b0dd6625eddcea5adedb91ee2cba
      size: 1967
    - path: data/prepared/
      hash: md5
      md5: a5ad19877c19b67c1b3b601f839a81af.dir
      size: 7647408
      nfiles: 8
    - path: decision_tree_validation.py
      hash: md5
      md5: 7371607192839a533f155fdebf289e1b
      size: 2009
    params:
      params.yaml:
        decision_tree:
          DecisionTree:
            max_depth:
            - 2
            - 4
            - 6
            - 7
            splitter:
            - best
            - random
            min_samples_split:
            - 2
            - 3
            - 4
            min_samples_leaf:
            - 1
            - 2
            - 3
            - 4
          RandomForest:
            n_estimators:
            - 1
            - 2
            - 5
            - 10
            - 15
            max_depth:
            - 2
            - 4
            - 6
            - 7
            min_samples_split:
            - 2
            - 3
            - 4
            - 6
            - 7
            min_samples_leaf:
            - 1
            - 2
            - 3
            - 4
          ExtraTree:
            n_estimators:
            - 1
            - 2
            - 5
            - 10
            - 15
            max_depth:
            - 2
            - 4
            - 6
            - 7
            min_samples_split:
            - 2
            - 3
            - 4
            - 10
            - 15
            min_samples_leaf:
            - 1
            - 2
            - 3
            - 4
            - 18
            - 48
  decision_tree_prod_version@DecisionTree:
    cmd: python decision_tree_prod_version.py -id data/prepared/ -od data/models/
      -mn DecisionTree
    deps:
    - path: data/models/DecisionTree.joblib
      hash: md5
      md5: 68d1a6cc59641bde7f84d67f36a1e4b1
      size: 33743
    - path: data/prepared
      hash: md5
      md5: a5ad19877c19b67c1b3b601f839a81af.dir
      size: 7647408
      nfiles: 8
    - path: decision_tree_prod_version.py
      hash: md5
      md5: b344cb2087ea66cd30d892b10e25822f
      size: 3945
    params:
      params.yaml:
        decision_tree:
          DecisionTree:
            max_depth:
            - 2
            - 4
            - 6
            - 7
            splitter:
            - best
            - random
            min_samples_split:
            - 2
            - 3
            - 4
            min_samples_leaf:
            - 1
            - 2
            - 3
            - 4
          RandomForest:
            n_estimators:
            - 1
            - 2
            - 5
            - 10
            - 15
            max_depth:
            - 2
            - 4
            - 6
            - 7
            min_samples_split:
            - 2
            - 3
            - 4
            - 6
            - 7
            min_samples_leaf:
            - 1
            - 2
            - 3
            - 4
          ExtraTree:
            n_estimators:
            - 1
            - 2
            - 5
            - 10
            - 15
            max_depth:
            - 2
            - 4
            - 6
            - 7
            min_samples_split:
            - 2
            - 3
            - 4
            - 10
            - 15
            min_samples_leaf:
            - 1
            - 2
            - 3
            - 4
            - 18
            - 48
    outs:
    - path: data/models/DecisionTree_prod.joblib
      hash: md5
      md5: 0b38075ad0bb2ac981e6413c24b570b2
      size: 19441
  decision_tree_prod_version@RandomForest:
    cmd: python decision_tree_prod_version.py -id data/prepared/ -od data/models/
      -mn RandomForest
    deps:
    - path: data/models/RandomForest.joblib
      hash: md5
      md5: 2d6ce955125101688b56cbf4cf462129
      size: 294287
    - path: data/prepared
      hash: md5
      md5: a5ad19877c19b67c1b3b601f839a81af.dir
      size: 7647408
      nfiles: 8
    - path: decision_tree_prod_version.py
      hash: md5
      md5: b344cb2087ea66cd30d892b10e25822f
      size: 3945
    params:
      params.yaml:
        decision_tree:
          DecisionTree:
            max_depth:
            - 2
            - 4
            - 6
            - 7
            splitter:
            - best
            - random
            min_samples_split:
            - 2
            - 3
            - 4
            min_samples_leaf:
            - 1
            - 2
            - 3
            - 4
          RandomForest:
            n_estimators:
            - 1
            - 2
            - 5
            - 10
            - 15
            max_depth:
            - 2
            - 4
            - 6
            - 7
            min_samples_split:
            - 2
            - 3
            - 4
            - 6
            - 7
            min_samples_leaf:
            - 1
            - 2
            - 3
            - 4
          ExtraTree:
            n_estimators:
            - 1
            - 2
            - 5
            - 10
            - 15
            max_depth:
            - 2
            - 4
            - 6
            - 7
            min_samples_split:
            - 2
            - 3
            - 4
            - 10
            - 15
            min_samples_leaf:
            - 1
            - 2
            - 3
            - 4
            - 18
            - 48
    outs:
    - path: data/models/RandomForest_prod.joblib
      hash: md5
      md5: 7c47d95def75d624a010a2519bea4862
      size: 169377
  decision_tree_prod_version@ExtraTree:
    cmd: python decision_tree_prod_version.py -id data/prepared/ -od data/models/
      -mn ExtraTree
    deps:
    - path: data/models/ExtraTree.joblib
      hash: md5
      md5: 7f2496650f8301f32b301167e79bd743
      size: 321855
    - path: data/prepared
      hash: md5
      md5: a5ad19877c19b67c1b3b601f839a81af.dir
      size: 7647408
      nfiles: 8
    - path: decision_tree_prod_version.py
      hash: md5
      md5: b344cb2087ea66cd30d892b10e25822f
      size: 3945
    params:
      params.yaml:
        decision_tree:
          DecisionTree:
            max_depth:
            - 2
            - 4
            - 6
            - 7
            splitter:
            - best
            - random
            min_samples_split:
            - 2
            - 3
            - 4
            min_samples_leaf:
            - 1
            - 2
            - 3
            - 4
          RandomForest:
            n_estimators:
            - 1
            - 2
            - 5
            - 10
            - 15
            max_depth:
            - 2
            - 4
            - 6
            - 7
            min_samples_split:
            - 2
            - 3
            - 4
            - 6
            - 7
            min_samples_leaf:
            - 1
            - 2
            - 3
            - 4
          ExtraTree:
            n_estimators:
            - 1
            - 2
            - 5
            - 10
            - 15
            max_depth:
            - 2
            - 4
            - 6
            - 7
            min_samples_split:
            - 2
            - 3
            - 4
            - 10
            - 15
            min_samples_leaf:
            - 1
            - 2
            - 3
            - 4
            - 18
            - 48
    outs:
    - path: data/models/ExtraTree_prod.joblib
      hash: md5
      md5: b3ee79a61bf618c51f81597a928d7f4f
      size: 151089
  catboost@CatBoost:
    cmd: python catboost_dt.py -id data/prepared -od data/models -bm data/models/LinearRegression_prod.joblib
      -mn CatBoost
    deps:
    - path: catboost_dt.py
      hash: md5
      md5: 8b0461b03dd3b5015ced394dbd012d7d
      size: 4702
    - path: data/models/LinearRegression_prod.joblib
      hash: md5
      md5: a7c6b0dd6625eddcea5adedb91ee2cba
      size: 1967
    - path: data/prepared
      hash: md5
      md5: 4ac2a732601a5ffca14a3a6f8bdb0ef7.dir
      size: 7886904
      nfiles: 11
    params:
      params.yaml:
        catboost:
          CatBoost:
            iterations:
            - 150
            depth:
            - 10
            learning_rate:
            - 0.1
            l2_leaf_reg:
            - 5
            loss_function:
            - RMSE
            verbose:
            - false
          CatBoost_Prod:
            iterations: 150
            depth: 6
            learning_rate: 0.05
            l2_leaf_reg: 3
            loss_function: RMSE
            verbose: false
    outs:
    - path: data/models/CatBoost.joblib
      hash: md5
      md5: 3c7f343fde234318a3bf544424e1025a
      size: 2478404
  catboost_validation@CatBoost:
    cmd: python catboost_validation.py -id data/prepared/ -mp data/models/CatBoost.joblib
      -bm data/models/LinearRegression_prod.joblib -mn CatBoost
    deps:
    - path: catboost_validation.py
      hash: md5
      md5: 87f98055161f747e12439b476d044809
      size: 2674
    - path: data/models/CatBoost.joblib
      hash: md5
      md5: 3c7f343fde234318a3bf544424e1025a
      size: 2478404
    - path: data/models/LinearRegression_prod.joblib
      hash: md5
      md5: a7c6b0dd6625eddcea5adedb91ee2cba
      size: 1967
    - path: data/prepared/
      hash: md5
      md5: 4ac2a732601a5ffca14a3a6f8bdb0ef7.dir
      size: 7886904
      nfiles: 11
    params:
      params.yaml:
        catboost:
          CatBoost:
            iterations:
            - 150
            depth:
            - 10
            learning_rate:
            - 0.1
            l2_leaf_reg:
            - 5
            loss_function:
            - RMSE
            verbose:
            - false
          CatBoost_Prod:
            iterations: 150
            depth: 6
            learning_rate: 0.05
            l2_leaf_reg: 3
            loss_function: RMSE
            verbose: false
  catboost@CatBoost_Prod:
    cmd: python catboost_dt.py -id data/prepared -od data/models -bm data/models/LinearRegression_prod.joblib
      -mn CatBoost_Prod
    deps:
    - path: catboost_dt.py
      hash: md5
      md5: 8b0461b03dd3b5015ced394dbd012d7d
      size: 4702
    - path: data/models/LinearRegression_prod.joblib
      hash: md5
      md5: a7c6b0dd6625eddcea5adedb91ee2cba
      size: 1967
    - path: data/prepared
      hash: md5
      md5: 4ac2a732601a5ffca14a3a6f8bdb0ef7.dir
      size: 7886904
      nfiles: 11
    params:
      params.yaml:
        catboost:
          CatBoost:
            iterations:
            - 150
            depth:
            - 10
            learning_rate:
            - 0.1
            l2_leaf_reg:
            - 5
            loss_function:
            - RMSE
            verbose:
            - false
          CatBoost_Prod:
            iterations: 150
            depth: 6
            learning_rate: 0.05
            l2_leaf_reg: 3
            loss_function: RMSE
            verbose: false
    outs:
    - path: data/models/CatBoost_Prod.joblib
      hash: md5
      md5: c33ac275ff504df64576b61f6c7bc276
      size: 2478404
  catboost_prod_version@CatBoost_Prod:
    cmd: python catboost_prod_version.py -id data/prepared/ -od data/models/ -mn CatBoost_Prod
    deps:
    - path: catboost_prod_version.py
      hash: md5
      md5: 3c4009718649d1cd5b516a91ac16cbf7
      size: 4495
    - path: data/models/CatBoost_Prod.joblib
      hash: md5
      md5: 3a7f4e2b9fbcb31b899ea8234dae1ac5
      size: 176780
    - path: data/prepared
      hash: md5
      md5: 4ac2a732601a5ffca14a3a6f8bdb0ef7.dir
      size: 7886904
      nfiles: 11
    params:
      params.yaml:
        catboost:
          CatBoost:
            iterations:
            - 150
            depth:
            - 10
            learning_rate:
            - 0.1
            l2_leaf_reg:
            - 5
            loss_function:
            - RMSE
            verbose:
            - false
          CatBoost_Prod:
            iterations: 150
            depth: 6
            learning_rate: 0.05
            l2_leaf_reg: 3
            loss_function: RMSE
            verbose: false
    outs:
    - path: data/models/CatBoost_Prod_prod.joblib
      hash: md5
      md5: eb076eb908ec66ac90f1034fa5a9533f
      size: 176780
  catboost_prod_version@CatBoost:
    cmd: python catboost_prod_version.py -id data/prepared/ -od data/models/ -mn CatBoost
    deps:
    - path: catboost_prod_version.py
      hash: md5
      md5: 3c4009718649d1cd5b516a91ac16cbf7
      size: 4495
    - path: data/models/CatBoost.joblib
      hash: md5
      md5: 3c7f343fde234318a3bf544424e1025a
      size: 2478404
    - path: data/prepared
      hash: md5
      md5: 4ac2a732601a5ffca14a3a6f8bdb0ef7.dir
      size: 7886904
      nfiles: 11
    params:
      params.yaml:
        catboost:
          CatBoost:
            iterations:
            - 150
            depth:
            - 10
            learning_rate:
            - 0.1
            l2_leaf_reg:
            - 5
            loss_function:
            - RMSE
            verbose:
            - false
          CatBoost_Prod:
            iterations: 150
            depth: 6
            learning_rate: 0.05
            l2_leaf_reg: 3
            loss_function: RMSE
            verbose: false
    outs:
    - path: data/models/CatBoost_prod.joblib
      hash: md5
      md5: 3a7f4e2b9fbcb31b899ea8234dae1ac5
      size: 176780
  catboost_validation@CatBoost_Prod:
    cmd: python catboost_validation.py -id data/prepared/ -mp data/models/CatBoost_Prod.joblib
      -bm data/models/LinearRegression_prod.joblib -mn CatBoost_Prod
    deps:
    - path: catboost_validation.py
      hash: md5
      md5: 87f98055161f747e12439b476d044809
      size: 2674
    - path: data/models/CatBoost_Prod.joblib
      hash: md5
      md5: c33ac275ff504df64576b61f6c7bc276
      size: 2478404
    - path: data/models/LinearRegression_prod.joblib
      hash: md5
      md5: a7c6b0dd6625eddcea5adedb91ee2cba
      size: 1967
    - path: data/prepared/
      hash: md5
      md5: 4ac2a732601a5ffca14a3a6f8bdb0ef7.dir
      size: 7886904
      nfiles: 11
    params:
      params.yaml:
        catboost:
          CatBoost:
            iterations:
            - 150
            depth:
            - 10
            learning_rate:
            - 0.1
            l2_leaf_reg:
            - 5
            loss_function:
            - RMSE
            verbose:
            - false
          CatBoost_Prod:
            iterations: 150
            depth: 6
            learning_rate: 0.05
            l2_leaf_reg: 3
            loss_function: RMSE
            verbose: false
