schema: '2.0'
stages:
  data_preparation:
    cmd: python data_preparation.py -id data/raw -od data/prepared -uf data/raw/test_scores.csv
    deps:
    - path: data/raw
      hash: md5
      md5: 43b57b30382241b81e14cf5f4de36e6d.dir
      size: 171469
      nfiles: 2
    - path: data/raw/test_scores.csv
      hash: md5
      md5: dedbbc2822e89a304dc36cb350198b37
      size: 171367
    - path: data_preparation.py
      hash: md5
      md5: 09ea8f29f8e664aa91dde3aecd349f1a
      size: 4038
    params:
      params.yaml:
        data_preparation:
          train_test_ratio: 0.8
          train_val_ratio: 0.9
          random_state: 42
    outs:
    - path: data/prepared
      hash: md5
      md5: be2c52a699e1bdcc0e617bfdef016a35.dir
      size: 155714
      nfiles: 8
  linear_regression:
    cmd: python linear_regression.py -id data/prepared -od data/models -mn LinearRegression
    deps:
    - path: data/prepared
      hash: md5
      md5: be2c52a699e1bdcc0e617bfdef016a35.dir
      size: 155714
      nfiles: 8
    - path: linear_regression.py
      hash: md5
      md5: cc579f4dfd3decb39be683711756305f
      size: 2431
    params:
      params.yaml:
        linear_regression:
          model_name: LinearRegression
    outs:
    - path: data/models/LinearRegression.csv
      hash: md5
      md5: 7221e795a28810432e053604224fa69f
      size: 178
    - path: data/models/LinearRegression.joblib
      hash: md5
      md5: 0e410150c53011f636fa34d569c87b6a
      size: 1087
  linear_regression_validation:
    cmd: python linear_regression_validation.py -id data/prepared/ -im data/models/LinearRegression.joblib
      -mn LinearRegression
    deps:
    - path: data/models/LinearRegression.joblib
      hash: md5
      md5: 0e410150c53011f636fa34d569c87b6a
      size: 1087
    - path: data/prepared/
      hash: md5
      md5: be2c52a699e1bdcc0e617bfdef016a35.dir
      size: 155714
      nfiles: 8
    - path: linear_regression_validation.py
      hash: md5
      md5: effee5d988a529268a5c76667666fc43
      size: 1593
    params:
      params.yaml:
        linear_regression:
          model_name: LinearRegression
  linear_regression_prod_version:
    cmd: python linear_regression_prod_version.py -id data/prepared/ -od data/models/
      -mn LinearRegression
    deps:
    - path: data/models/LinearRegression.joblib
      hash: md5
      md5: 0e410150c53011f636fa34d569c87b6a
      size: 1087
    - path: data/prepared
      hash: md5
      md5: be2c52a699e1bdcc0e617bfdef016a35.dir
      size: 155714
      nfiles: 8
    - path: linear_regression_prod_version.py
      hash: md5
      md5: 97af72ae0c701e7d24be3c267b73c613
      size: 3335
    params:
      params.yaml:
        linear_regression:
          model_name: LinearRegression
    outs:
    - path: data/models/LinearRegression_prod.csv
      hash: md5
      md5: 66169f923b7fcc4e958a951087ebd805
      size: 181
    - path: data/models/LinearRegression_prod.joblib
      hash: md5
      md5: d73b636589e50fc9e27f268c17c126c8
      size: 1087
  decision_tree@DecisionTree:
    cmd: python decision_tree.py -id data/prepared -od data/models -bm data/models/LinearRegression_prod.joblib
      -mn DecisionTree -p params.yaml
    deps:
    - path: data/models/LinearRegression_prod.joblib
      hash: md5
      md5: d73b636589e50fc9e27f268c17c126c8
      size: 1087
    - path: data/prepared
      hash: md5
      md5: be2c52a699e1bdcc0e617bfdef016a35.dir
      size: 155714
      nfiles: 8
    - path: decision_tree.py
      hash: md5
      md5: 774a5509f44c4702f5bb51065e523055
      size: 3307
    params:
      params.yaml:
        decision_tree:
          DecisionTree:
            max_depth:
            - 2
            - 4
            - 6
            - 7
            splitter:
            - best
            - random
            min_samples_split:
            - 2
            - 3
            - 4
            min_samples_leaf:
            - 1
            - 2
            - 3
            - 4
          RandomForest:
            n_estimators:
            - 1
            - 2
            - 5
            - 10
            - 15
            max_depth:
            - 2
            - 4
            - 6
            - 7
            min_samples_split:
            - 2
            - 3
            - 4
            - 6
            - 7
            min_samples_leaf:
            - 1
            - 2
            - 3
            - 4
          ExtraTree:
            n_estimators:
            - 1
            - 2
            - 5
            - 10
            - 15
            max_depth:
            - 2
            - 4
            - 6
            - 7
            min_samples_split:
            - 2
            - 3
            - 4
            - 10
            - 15
            min_samples_leaf:
            - 1
            - 2
            - 3
            - 4
            - 18
            - 48
    outs:
    - path: data/models/DecisionTree.joblib
      hash: md5
      md5: 3e095e354718a0606ed6a18dd9c2230d
      size: 30127
  decision_tree@RandomForest:
    cmd: python decision_tree.py -id data/prepared -od data/models -bm data/models/LinearRegression_prod.joblib
      -mn RandomForest -p params.yaml
    deps:
    - path: data/models/LinearRegression_prod.joblib
      hash: md5
      md5: d73b636589e50fc9e27f268c17c126c8
      size: 1087
    - path: data/prepared
      hash: md5
      md5: be2c52a699e1bdcc0e617bfdef016a35.dir
      size: 155714
      nfiles: 8
    - path: decision_tree.py
      hash: md5
      md5: 774a5509f44c4702f5bb51065e523055
      size: 3307
    params:
      params.yaml:
        decision_tree:
          DecisionTree:
            max_depth:
            - 2
            - 4
            - 6
            - 7
            splitter:
            - best
            - random
            min_samples_split:
            - 2
            - 3
            - 4
            min_samples_leaf:
            - 1
            - 2
            - 3
            - 4
          RandomForest:
            n_estimators:
            - 1
            - 2
            - 5
            - 10
            - 15
            max_depth:
            - 2
            - 4
            - 6
            - 7
            min_samples_split:
            - 2
            - 3
            - 4
            - 6
            - 7
            min_samples_leaf:
            - 1
            - 2
            - 3
            - 4
          ExtraTree:
            n_estimators:
            - 1
            - 2
            - 5
            - 10
            - 15
            max_depth:
            - 2
            - 4
            - 6
            - 7
            min_samples_split:
            - 2
            - 3
            - 4
            - 10
            - 15
            min_samples_leaf:
            - 1
            - 2
            - 3
            - 4
            - 18
            - 48
    outs:
    - path: data/models/RandomForest.joblib
      hash: md5
      md5: e050c5f1b03ca644fa628633b98c3bf2
      size: 181791
  decision_tree@ExtraTree:
    cmd: python decision_tree.py -id data/prepared -od data/models -bm data/models/LinearRegression_prod.joblib
      -mn ExtraTree -p params.yaml
    deps:
    - path: data/models/LinearRegression_prod.joblib
      hash: md5
      md5: d73b636589e50fc9e27f268c17c126c8
      size: 1087
    - path: data/prepared
      hash: md5
      md5: be2c52a699e1bdcc0e617bfdef016a35.dir
      size: 155714
      nfiles: 8
    - path: decision_tree.py
      hash: md5
      md5: 774a5509f44c4702f5bb51065e523055
      size: 3307
    params:
      params.yaml:
        decision_tree:
          DecisionTree:
            max_depth:
            - 2
            - 4
            - 6
            - 7
            splitter:
            - best
            - random
            min_samples_split:
            - 2
            - 3
            - 4
            min_samples_leaf:
            - 1
            - 2
            - 3
            - 4
          RandomForest:
            n_estimators:
            - 1
            - 2
            - 5
            - 10
            - 15
            max_depth:
            - 2
            - 4
            - 6
            - 7
            min_samples_split:
            - 2
            - 3
            - 4
            - 6
            - 7
            min_samples_leaf:
            - 1
            - 2
            - 3
            - 4
          ExtraTree:
            n_estimators:
            - 1
            - 2
            - 5
            - 10
            - 15
            max_depth:
            - 2
            - 4
            - 6
            - 7
            min_samples_split:
            - 2
            - 3
            - 4
            - 10
            - 15
            min_samples_leaf:
            - 1
            - 2
            - 3
            - 4
            - 18
            - 48
    outs:
    - path: data/models/ExtraTree.joblib
      hash: md5
      md5: 3d5988ef47e830d643fa5cf83860a9b1
      size: 204463
  decision_tree_validation@DecisionTree:
    cmd: python decision_tree_validation.py -id data/prepared/ -im data/models/DecisionTree.joblib
      -bm data/models/LinearRegression_prod.joblib -mn DecisionTree
    deps:
    - path: data/models/DecisionTree.joblib
      hash: md5
      md5: 3e095e354718a0606ed6a18dd9c2230d
      size: 30127
    - path: data/models/LinearRegression_prod.joblib
      hash: md5
      md5: d73b636589e50fc9e27f268c17c126c8
      size: 1087
    - path: data/prepared/
      hash: md5
      md5: be2c52a699e1bdcc0e617bfdef016a35.dir
      size: 155714
      nfiles: 8
    - path: decision_tree_validation.py
      hash: md5
      md5: 22eb795f6e8eb0de59c6474486748919
      size: 2061
    params:
      params.yaml:
        decision_tree:
          DecisionTree:
            max_depth:
            - 2
            - 4
            - 6
            - 7
            splitter:
            - best
            - random
            min_samples_split:
            - 2
            - 3
            - 4
            min_samples_leaf:
            - 1
            - 2
            - 3
            - 4
          RandomForest:
            n_estimators:
            - 1
            - 2
            - 5
            - 10
            - 15
            max_depth:
            - 2
            - 4
            - 6
            - 7
            min_samples_split:
            - 2
            - 3
            - 4
            - 6
            - 7
            min_samples_leaf:
            - 1
            - 2
            - 3
            - 4
          ExtraTree:
            n_estimators:
            - 1
            - 2
            - 5
            - 10
            - 15
            max_depth:
            - 2
            - 4
            - 6
            - 7
            min_samples_split:
            - 2
            - 3
            - 4
            - 10
            - 15
            min_samples_leaf:
            - 1
            - 2
            - 3
            - 4
            - 18
            - 48
  decision_tree_validation@RandomForest:
    cmd: python decision_tree_validation.py -id data/prepared/ -im data/models/RandomForest.joblib
      -bm data/models/LinearRegression_prod.joblib -mn RandomForest
    deps:
    - path: data/models/LinearRegression_prod.joblib
      hash: md5
      md5: d73b636589e50fc9e27f268c17c126c8
      size: 1087
    - path: data/models/RandomForest.joblib
      hash: md5
      md5: e050c5f1b03ca644fa628633b98c3bf2
      size: 181791
    - path: data/prepared/
      hash: md5
      md5: be2c52a699e1bdcc0e617bfdef016a35.dir
      size: 155714
      nfiles: 8
    - path: decision_tree_validation.py
      hash: md5
      md5: 22eb795f6e8eb0de59c6474486748919
      size: 2061
    params:
      params.yaml:
        decision_tree:
          DecisionTree:
            max_depth:
            - 2
            - 4
            - 6
            - 7
            splitter:
            - best
            - random
            min_samples_split:
            - 2
            - 3
            - 4
            min_samples_leaf:
            - 1
            - 2
            - 3
            - 4
          RandomForest:
            n_estimators:
            - 1
            - 2
            - 5
            - 10
            - 15
            max_depth:
            - 2
            - 4
            - 6
            - 7
            min_samples_split:
            - 2
            - 3
            - 4
            - 6
            - 7
            min_samples_leaf:
            - 1
            - 2
            - 3
            - 4
          ExtraTree:
            n_estimators:
            - 1
            - 2
            - 5
            - 10
            - 15
            max_depth:
            - 2
            - 4
            - 6
            - 7
            min_samples_split:
            - 2
            - 3
            - 4
            - 10
            - 15
            min_samples_leaf:
            - 1
            - 2
            - 3
            - 4
            - 18
            - 48
  decision_tree_validation@ExtraTree:
    cmd: python decision_tree_validation.py -id data/prepared/ -im data/models/ExtraTree.joblib
      -bm data/models/LinearRegression_prod.joblib -mn ExtraTree
    deps:
    - path: data/models/ExtraTree.joblib
      hash: md5
      md5: 3d5988ef47e830d643fa5cf83860a9b1
      size: 204463
    - path: data/models/LinearRegression_prod.joblib
      hash: md5
      md5: d73b636589e50fc9e27f268c17c126c8
      size: 1087
    - path: data/prepared/
      hash: md5
      md5: be2c52a699e1bdcc0e617bfdef016a35.dir
      size: 155714
      nfiles: 8
    - path: decision_tree_validation.py
      hash: md5
      md5: 22eb795f6e8eb0de59c6474486748919
      size: 2061
    params:
      params.yaml:
        decision_tree:
          DecisionTree:
            max_depth:
            - 2
            - 4
            - 6
            - 7
            splitter:
            - best
            - random
            min_samples_split:
            - 2
            - 3
            - 4
            min_samples_leaf:
            - 1
            - 2
            - 3
            - 4
          RandomForest:
            n_estimators:
            - 1
            - 2
            - 5
            - 10
            - 15
            max_depth:
            - 2
            - 4
            - 6
            - 7
            min_samples_split:
            - 2
            - 3
            - 4
            - 6
            - 7
            min_samples_leaf:
            - 1
            - 2
            - 3
            - 4
          ExtraTree:
            n_estimators:
            - 1
            - 2
            - 5
            - 10
            - 15
            max_depth:
            - 2
            - 4
            - 6
            - 7
            min_samples_split:
            - 2
            - 3
            - 4
            - 10
            - 15
            min_samples_leaf:
            - 1
            - 2
            - 3
            - 4
            - 18
            - 48
  decision_tree_prod_version@DecisionTree:
    cmd: python decision_tree_prod_version.py -id data/prepared/ -od data/models/
      -mn DecisionTree
    deps:
    - path: data/models/DecisionTree.joblib
      hash: md5
      md5: 88ebb74f1dc6b79960963c0fb43a29f4
      size: 30127
    - path: data/prepared
      hash: md5
      md5: be2c52a699e1bdcc0e617bfdef016a35.dir
      size: 155714
      nfiles: 8
    - path: decision_tree_prod_version.py
      hash: md5
      md5: b344cb2087ea66cd30d892b10e25822f
      size: 3945
    params:
      params.yaml:
        decision_tree:
          DecisionTree:
            max_depth:
            - 2
            - 4
            - 6
            - 7
            splitter:
            - best
            - random
            min_samples_split:
            - 2
            - 3
            - 4
            min_samples_leaf:
            - 1
            - 2
            - 3
            - 4
          RandomForest:
            n_estimators:
            - 1
            - 2
            - 5
            - 10
            - 15
            max_depth:
            - 2
            - 4
            - 6
            - 7
            min_samples_split:
            - 2
            - 3
            - 4
            - 6
            - 7
            min_samples_leaf:
            - 1
            - 2
            - 3
            - 4
          ExtraTree:
            n_estimators:
            - 1
            - 2
            - 5
            - 10
            - 15
            max_depth:
            - 2
            - 4
            - 6
            - 7
            min_samples_split:
            - 2
            - 3
            - 4
            - 10
            - 15
            min_samples_leaf:
            - 1
            - 2
            - 3
            - 4
            - 18
            - 48
    outs:
    - path: data/models/DecisionTree_prod.joblib
      hash: md5
      md5: caafdd85569b946b7a0129c6acec3816
      size: 14161
  decision_tree_prod_version@RandomForest:
    cmd: python decision_tree_prod_version.py -id data/prepared/ -od data/models/
      -mn RandomForest
    deps:
    - path: data/models/RandomForest.joblib
      hash: md5
      md5: 972efc7c76df4d64704c80335645d866
      size: 149487
    - path: data/prepared
      hash: md5
      md5: be2c52a699e1bdcc0e617bfdef016a35.dir
      size: 155714
      nfiles: 8
    - path: decision_tree_prod_version.py
      hash: md5
      md5: b344cb2087ea66cd30d892b10e25822f
      size: 3945
    params:
      params.yaml:
        decision_tree:
          DecisionTree:
            max_depth:
            - 2
            - 4
            - 6
            - 7
            splitter:
            - best
            - random
            min_samples_split:
            - 2
            - 3
            - 4
            min_samples_leaf:
            - 1
            - 2
            - 3
            - 4
          RandomForest:
            n_estimators:
            - 1
            - 2
            - 5
            - 10
            - 15
            max_depth:
            - 2
            - 4
            - 6
            - 7
            min_samples_split:
            - 2
            - 3
            - 4
            - 6
            - 7
            min_samples_leaf:
            - 1
            - 2
            - 3
            - 4
          ExtraTree:
            n_estimators:
            - 1
            - 2
            - 5
            - 10
            - 15
            max_depth:
            - 2
            - 4
            - 6
            - 7
            min_samples_split:
            - 2
            - 3
            - 4
            - 10
            - 15
            min_samples_leaf:
            - 1
            - 2
            - 3
            - 4
            - 18
            - 48
    outs:
    - path: data/models/RandomForest_prod.joblib
      hash: md5
      md5: 7a2d0bd7a2fa3e694623da2e5e536712
      size: 161649
  decision_tree_prod_version@ExtraTree:
    cmd: python decision_tree_prod_version.py -id data/prepared/ -od data/models/
      -mn ExtraTree
    deps:
    - path: data/models/ExtraTree.joblib
      hash: md5
      md5: 3f656045b2346e4d168c3c851bd9ad0b
      size: 210223
    - path: data/prepared
      hash: md5
      md5: be2c52a699e1bdcc0e617bfdef016a35.dir
      size: 155714
      nfiles: 8
    - path: decision_tree_prod_version.py
      hash: md5
      md5: b344cb2087ea66cd30d892b10e25822f
      size: 3945
    params:
      params.yaml:
        decision_tree:
          DecisionTree:
            max_depth:
            - 2
            - 4
            - 6
            - 7
            splitter:
            - best
            - random
            min_samples_split:
            - 2
            - 3
            - 4
            min_samples_leaf:
            - 1
            - 2
            - 3
            - 4
          RandomForest:
            n_estimators:
            - 1
            - 2
            - 5
            - 10
            - 15
            max_depth:
            - 2
            - 4
            - 6
            - 7
            min_samples_split:
            - 2
            - 3
            - 4
            - 6
            - 7
            min_samples_leaf:
            - 1
            - 2
            - 3
            - 4
          ExtraTree:
            n_estimators:
            - 1
            - 2
            - 5
            - 10
            - 15
            max_depth:
            - 2
            - 4
            - 6
            - 7
            min_samples_split:
            - 2
            - 3
            - 4
            - 10
            - 15
            min_samples_leaf:
            - 1
            - 2
            - 3
            - 4
            - 18
            - 48
    outs:
    - path: data/models/ExtraTree_prod.joblib
      hash: md5
      md5: 2cbf1decb0c7e4db4c2967e22efef016
      size: 114273
  catboost@CatBoost:
    cmd: python catboost_dt.py -id data/prepared -od data/models -bm data/models/LinearRegression_prod.joblib
      -mn CatBoost
    deps:
    - path: catboost_dt.py
      hash: md5
      md5: 71fb247a87211ae03569f7c9a2c81f09
      size: 3676
    - path: data/models/LinearRegression_prod.joblib
      hash: md5
      md5: d73b636589e50fc9e27f268c17c126c8
      size: 1087
    - path: data/prepared
      hash: md5
      md5: be2c52a699e1bdcc0e617bfdef016a35.dir
      size: 155714
      nfiles: 8
    params:
      params.yaml:
        catboost:
          CatBoost:
            iterations:
            - 100
            - 150
            - 200
            depth:
            - 6
            - 8
            - 10
            - 12
            - 14
            learning_rate:
            - 0.1
            l2_leaf_reg:
            - 5
            - 10
            - 15
            loss_function:
            - RMSE
            verbose:
            - false
          CatBoost_Prod:
            iterations: 150
            depth: 6
            learning_rate: 0.05
            l2_leaf_reg: 3
            loss_function: RMSE
            verbose: false
    outs:
    - path: data/models/CatBoost.joblib
      hash: md5
      md5: bdea80eede922005e1102915653965e6
      size: 112650
  catboost_validation@CatBoost:
    cmd: python catboost_validation.py -id data/prepared/ -mp data/models/CatBoost.joblib
      -bm data/models/LinearRegression_prod.joblib -mn CatBoost
    deps:
    - path: catboost_validation.py
      hash: md5
      md5: 87f98055161f747e12439b476d044809
      size: 2674
    - path: data/models/CatBoost.joblib
      hash: md5
      md5: bdea80eede922005e1102915653965e6
      size: 112650
    - path: data/models/LinearRegression_prod.joblib
      hash: md5
      md5: d73b636589e50fc9e27f268c17c126c8
      size: 1087
    - path: data/prepared/
      hash: md5
      md5: be2c52a699e1bdcc0e617bfdef016a35.dir
      size: 155714
      nfiles: 8
    params:
      params.yaml:
        catboost:
          CatBoost:
            iterations:
            - 50
            - 100
            - 150
            depth:
            - 6
            - 8
            - 10
            - 12
            - 14
            learning_rate:
            - 0.1
            l2_leaf_reg:
            - 5
            - 10
            - 15
            loss_function:
            - RMSE
            verbose:
            - false
          CatBoost_Prod:
            iterations: 100
            depth: 6
            learning_rate: 0.1
            l2_leaf_reg: 10
            loss_function: RMSE
            verbose: false
  catboost@CatBoost_Prod:
    cmd: python catboost_dt.py -id data/prepared -od data/models -bm data/models/LinearRegression_prod.joblib
      -mn CatBoost_Prod
    deps:
    - path: catboost_dt.py
      hash: md5
      md5: 71fb247a87211ae03569f7c9a2c81f09
      size: 3676
    - path: data/models/LinearRegression_prod.joblib
      hash: md5
      md5: d73b636589e50fc9e27f268c17c126c8
      size: 1087
    - path: data/prepared
      hash: md5
      md5: be2c52a699e1bdcc0e617bfdef016a35.dir
      size: 155714
      nfiles: 8
    params:
      params.yaml:
        catboost:
          CatBoost:
            iterations:
            - 50
            - 100
            - 150
            depth:
            - 6
            - 8
            - 10
            - 12
            - 14
            learning_rate:
            - 0.1
            l2_leaf_reg:
            - 5
            - 10
            - 15
            loss_function:
            - RMSE
            verbose:
            - false
          CatBoost_Prod:
            iterations: 100
            depth: 6
            learning_rate: 0.1
            l2_leaf_reg: 10
            loss_function: RMSE
            verbose: false
    outs:
    - path: data/models/CatBoost_Prod.joblib
      hash: md5
      md5: 704ce1fe6816adc64832ebb59faba81d
      size: 112650
  catboost_prod_version@CatBoost_Prod:
    cmd: python catboost_prod_version.py -id data/prepared/ -od data/models/ -mn CatBoost_Prod
    deps:
    - path: catboost_prod_version.py
      hash: md5
      md5: 3c4009718649d1cd5b516a91ac16cbf7
      size: 4495
    - path: data/models/CatBoost_Prod.joblib
      hash: md5
      md5: 4733faf595167159f17ac66e6701a6a7
      size: 160682
    - path: data/prepared
      hash: md5
      md5: be2c52a699e1bdcc0e617bfdef016a35.dir
      size: 155714
      nfiles: 8
    params:
      params.yaml:
        catboost:
          CatBoost:
            iterations:
            - 150
            depth:
            - 10
            learning_rate:
            - 0.1
            l2_leaf_reg:
            - 5
            loss_function:
            - RMSE
            verbose:
            - false
          CatBoost_Prod:
            iterations: 150
            depth: 6
            learning_rate: 0.05
            l2_leaf_reg: 3
            loss_function: RMSE
            verbose: false
    outs:
    - path: data/models/CatBoost_Prod_prod.joblib
      hash: md5
      md5: 2840c73c125bc5c37f8a54920d469e29
      size: 160682
  catboost_prod_version@CatBoost:
    cmd: python catboost_prod_version.py -id data/prepared/ -od data/models/ -mn CatBoost
    deps:
    - path: catboost_prod_version.py
      hash: md5
      md5: 3c4009718649d1cd5b516a91ac16cbf7
      size: 4495
    - path: data/models/CatBoost.joblib
      hash: md5
      md5: 9b1b8fb2f7de873e95b1a6405028cc17
      size: 2110402
    - path: data/prepared
      hash: md5
      md5: be2c52a699e1bdcc0e617bfdef016a35.dir
      size: 155714
      nfiles: 8
    params:
      params.yaml:
        catboost:
          CatBoost:
            iterations:
            - 150
            depth:
            - 10
            learning_rate:
            - 0.1
            l2_leaf_reg:
            - 5
            loss_function:
            - RMSE
            verbose:
            - false
          CatBoost_Prod:
            iterations: 150
            depth: 6
            learning_rate: 0.05
            l2_leaf_reg: 3
            loss_function: RMSE
            verbose: false
    outs:
    - path: data/models/CatBoost_prod.joblib
      hash: md5
      md5: 4733faf595167159f17ac66e6701a6a7
      size: 160682
  catboost_validation@CatBoost_Prod:
    cmd: python catboost_validation.py -id data/prepared/ -mp data/models/CatBoost_Prod.joblib
      -bm data/models/LinearRegression_prod.joblib -mn CatBoost_Prod
    deps:
    - path: catboost_validation.py
      hash: md5
      md5: 87f98055161f747e12439b476d044809
      size: 2674
    - path: data/models/CatBoost_Prod.joblib
      hash: md5
      md5: 704ce1fe6816adc64832ebb59faba81d
      size: 112650
    - path: data/models/LinearRegression_prod.joblib
      hash: md5
      md5: d73b636589e50fc9e27f268c17c126c8
      size: 1087
    - path: data/prepared/
      hash: md5
      md5: be2c52a699e1bdcc0e617bfdef016a35.dir
      size: 155714
      nfiles: 8
    params:
      params.yaml:
        catboost:
          CatBoost:
            iterations:
            - 50
            - 100
            - 150
            depth:
            - 6
            - 8
            - 10
            - 12
            - 14
            learning_rate:
            - 0.1
            l2_leaf_reg:
            - 5
            - 10
            - 15
            loss_function:
            - RMSE
            verbose:
            - false
          CatBoost_Prod:
            iterations: 100
            depth: 6
            learning_rate: 0.1
            l2_leaf_reg: 10
            loss_function: RMSE
            verbose: false
  linear_regression_prod:
    cmd: python linear_regression_prod.py -id data/prepared/ -od data/models/ -mn
      LinearRegression
    deps:
    - path: data/models/LinearRegression.joblib
      hash: md5
      md5: 0e410150c53011f636fa34d569c87b6a
      size: 1087
    - path: data/prepared
      hash: md5
      md5: be2c52a699e1bdcc0e617bfdef016a35.dir
      size: 155714
      nfiles: 8
    - path: linear_regression_prod.py
      hash: md5
      md5: 073fb1b4b2f83aace228ddce9b234d07
      size: 2795
    params:
      params.yaml:
        linear_regression:
          model_name: LinearRegression
    outs:
    - path: data/models/LinearRegression_prod.csv
      hash: md5
      md5: 66169f923b7fcc4e958a951087ebd805
      size: 181
    - path: data/models/LinearRegression_prod.joblib
      hash: md5
      md5: d73b636589e50fc9e27f268c17c126c8
      size: 1087
  decision_tree_prod@DecisionTree:
    cmd: python decision_tree_prod.py -id data/prepared/ -od data/models/ -mn DecisionTree
    deps:
    - path: data/models/DecisionTree.joblib
      hash: md5
      md5: 3e095e354718a0606ed6a18dd9c2230d
      size: 30127
    - path: data/prepared
      hash: md5
      md5: be2c52a699e1bdcc0e617bfdef016a35.dir
      size: 155714
      nfiles: 8
    - path: decision_tree_prod.py
      hash: md5
      md5: 9592c0847f36dd9921e326a47fd53a04
      size: 3423
    params:
      params.yaml:
        decision_tree:
          DecisionTree:
            max_depth:
            - 2
            - 4
            - 6
            - 7
            splitter:
            - best
            - random
            min_samples_split:
            - 2
            - 3
            - 4
            min_samples_leaf:
            - 1
            - 2
            - 3
            - 4
          RandomForest:
            n_estimators:
            - 1
            - 2
            - 5
            - 10
            - 15
            max_depth:
            - 2
            - 4
            - 6
            - 7
            min_samples_split:
            - 2
            - 3
            - 4
            - 6
            - 7
            min_samples_leaf:
            - 1
            - 2
            - 3
            - 4
          ExtraTree:
            n_estimators:
            - 1
            - 2
            - 5
            - 10
            - 15
            max_depth:
            - 2
            - 4
            - 6
            - 7
            min_samples_split:
            - 2
            - 3
            - 4
            - 10
            - 15
            min_samples_leaf:
            - 1
            - 2
            - 3
            - 4
            - 18
            - 48
    outs:
    - path: data/models/DecisionTree_prod.joblib
      hash: md5
      md5: 9d9b7958589968ac2a1fb55a2509ce77
      size: 14881
  decision_tree_prod@RandomForest:
    cmd: python decision_tree_prod.py -id data/prepared/ -od data/models/ -mn RandomForest
    deps:
    - path: data/models/RandomForest.joblib
      hash: md5
      md5: e050c5f1b03ca644fa628633b98c3bf2
      size: 181791
    - path: data/prepared
      hash: md5
      md5: be2c52a699e1bdcc0e617bfdef016a35.dir
      size: 155714
      nfiles: 8
    - path: decision_tree_prod.py
      hash: md5
      md5: 9592c0847f36dd9921e326a47fd53a04
      size: 3423
    params:
      params.yaml:
        decision_tree:
          DecisionTree:
            max_depth:
            - 2
            - 4
            - 6
            - 7
            splitter:
            - best
            - random
            min_samples_split:
            - 2
            - 3
            - 4
            min_samples_leaf:
            - 1
            - 2
            - 3
            - 4
          RandomForest:
            n_estimators:
            - 1
            - 2
            - 5
            - 10
            - 15
            max_depth:
            - 2
            - 4
            - 6
            - 7
            min_samples_split:
            - 2
            - 3
            - 4
            - 6
            - 7
            min_samples_leaf:
            - 1
            - 2
            - 3
            - 4
          ExtraTree:
            n_estimators:
            - 1
            - 2
            - 5
            - 10
            - 15
            max_depth:
            - 2
            - 4
            - 6
            - 7
            min_samples_split:
            - 2
            - 3
            - 4
            - 10
            - 15
            min_samples_leaf:
            - 1
            - 2
            - 3
            - 4
            - 18
            - 48
    outs:
    - path: data/models/RandomForest_prod.joblib
      hash: md5
      md5: 2c671358a1a4b7b143840d6a3f951721
      size: 136209
  decision_tree_prod@ExtraTree:
    cmd: python decision_tree_prod.py -id data/prepared/ -od data/models/ -mn ExtraTree
    deps:
    - path: data/models/ExtraTree.joblib
      hash: md5
      md5: 3d5988ef47e830d643fa5cf83860a9b1
      size: 204463
    - path: data/prepared
      hash: md5
      md5: be2c52a699e1bdcc0e617bfdef016a35.dir
      size: 155714
      nfiles: 8
    - path: decision_tree_prod.py
      hash: md5
      md5: 9592c0847f36dd9921e326a47fd53a04
      size: 3423
    params:
      params.yaml:
        decision_tree:
          DecisionTree:
            max_depth:
            - 2
            - 4
            - 6
            - 7
            splitter:
            - best
            - random
            min_samples_split:
            - 2
            - 3
            - 4
            min_samples_leaf:
            - 1
            - 2
            - 3
            - 4
          RandomForest:
            n_estimators:
            - 1
            - 2
            - 5
            - 10
            - 15
            max_depth:
            - 2
            - 4
            - 6
            - 7
            min_samples_split:
            - 2
            - 3
            - 4
            - 6
            - 7
            min_samples_leaf:
            - 1
            - 2
            - 3
            - 4
          ExtraTree:
            n_estimators:
            - 1
            - 2
            - 5
            - 10
            - 15
            max_depth:
            - 2
            - 4
            - 6
            - 7
            min_samples_split:
            - 2
            - 3
            - 4
            - 10
            - 15
            min_samples_leaf:
            - 1
            - 2
            - 3
            - 4
            - 18
            - 48
    outs:
    - path: data/models/ExtraTree_prod.joblib
      hash: md5
      md5: 74997a7054e9e2b211fbed030ea0f4fc
      size: 193089
  catboost_prod@CatBoost:
    cmd: python catboost_prod.py -id data/prepared/ -od data/models/ -mn CatBoost
    deps:
    - path: catboost_prod.py
      hash: md5
      md5: 60e142bb7f0a7acd0f9b08cdeed3384c
      size: 4652
    - path: data/models/CatBoost.joblib
      hash: md5
      md5: bdea80eede922005e1102915653965e6
      size: 112650
    - path: data/prepared
      hash: md5
      md5: be2c52a699e1bdcc0e617bfdef016a35.dir
      size: 155714
      nfiles: 8
    params:
      params.yaml:
        catboost:
          CatBoost:
            iterations:
            - 50
            - 100
            - 150
            depth:
            - 6
            - 8
            - 10
            - 12
            - 14
            learning_rate:
            - 0.1
            l2_leaf_reg:
            - 5
            - 10
            - 15
            loss_function:
            - RMSE
            verbose:
            - false
          CatBoost_Prod:
            iterations: 100
            depth: 6
            learning_rate: 0.1
            l2_leaf_reg: 10
            loss_function: RMSE
            verbose: false
    outs:
    - path: data/models/CatBoost_prod.joblib
      hash: md5
      md5: 5907f4f377fe7670c36a5de83a6bb798
      size: 111562
  catboost_prod@CatBoost_Prod:
    cmd: python catboost_prod.py -id data/prepared/ -od data/models/ -mn CatBoost_Prod
    deps:
    - path: catboost_prod.py
      hash: md5
      md5: 60e142bb7f0a7acd0f9b08cdeed3384c
      size: 4652
    - path: data/models/CatBoost_Prod.joblib
      hash: md5
      md5: 5907f4f377fe7670c36a5de83a6bb798
      size: 111562
    - path: data/prepared
      hash: md5
      md5: be2c52a699e1bdcc0e617bfdef016a35.dir
      size: 155714
      nfiles: 8
    params:
      params.yaml:
        catboost:
          CatBoost:
            iterations:
            - 50
            - 100
            - 150
            depth:
            - 6
            - 8
            - 10
            - 12
            - 14
            learning_rate:
            - 0.1
            l2_leaf_reg:
            - 5
            - 10
            - 15
            loss_function:
            - RMSE
            verbose:
            - false
          CatBoost_Prod:
            iterations: 100
            depth: 6
            learning_rate: 0.1
            l2_leaf_reg: 10
            loss_function: RMSE
            verbose: false
    outs:
    - path: data/models/CatBoost_Prod_prod.joblib
      hash: md5
      md5: a359b28e7e9603634ae0ffee17845d28
      size: 111562
